
Microsoft Visual Studio Solution File, Format Version 12.00
# Visual Studio Version 17
VisualStudioVersion = 17.10.35201.131
MinimumVisualStudioVersion = 10.0.40219.1
Project("{FAE04EC0-301F-11D3-BF4B-00C04F79EFBC}") = "DataSecretary", "DataSecretary.csproj", "{C60B2CC0-6559-4758-B894-2D4F182AF05B}"
EndProject
Global
	GlobalSection(SolutionConfigurationPlatforms) = preSolution
		Debug|Any CPU = Debug|Any CPU
		Release|Any CPU = Release|Any CPU
	EndGlobalSection
	GlobalSection(ProjectConfigurationPlatforms) = postSolution
		{C60B2CC0-6559-4758-B894-2D4F182AF05B}.Debug|Any CPU.ActiveCfg = Debug|Any CPU
		{C60B2CC0-6559-4758-B894-2D4F182AF05B}.Debug|Any CPU.Build.0 = Debug|Any CPU
		{C60B2CC0-6559-4758-B894-2D4F182AF05B}.Release|Any CPU.ActiveCfg = Release|Any CPU
		{C60B2CC0-6559-4758-B894-2D4F182AF05B}.Release|Any CPU.Build.0 = Release|Any CPU
	EndGlobalSection
	GlobalSection(SolutionProperties) = preSolution
		HideSolutionNode = FALSE
	EndGlobalSection
	GlobalSection(ExtensibilityGlobals) = postSolution
		SolutionGuid = {6994F8EE-9C3A-4D65-A197-7C75B00E42BA}
	EndGlobalSection
EndGlobal
